
Microsoft Visual Studio Solution File, Format Version 12.00
# Visual Studio Version 16
VisualStudioVersion = 16.0.30114.105
MinimumVisualStudioVersion = 10.0.40219.1
Project("{FAE04EC0-301F-11D3-BF4B-00C04F79EFBC}") = "API", "API\API.csproj", "{345A9EE8-9D43-46D9-96AA-EAED4027483D}"
EndProject
Project("{FAE04EC0-301F-11D3-BF4B-00C04F79EFBC}") = "Application", "Application\Application.csproj", "{28D51BA4-C513-490E-9675-14DB3208D359}"
EndProject
Project("{FAE04EC0-301F-11D3-BF4B-00C04F79EFBC}") = "Domain", "Domain\Domain.csproj", "{2940FCDA-EE7B-462D-8835-C6CE0BE586E0}"
EndProject
Project("{FAE04EC0-301F-11D3-BF4B-00C04F79EFBC}") = "Persistence", "Persistence\Persistence.csproj", "{5048408B-5AC6-45AE-8068-F6C2FD4BB27A}"
EndProject
Global
	GlobalSection(SolutionConfigurationPlatforms) = preSolution
		Debug|Any CPU = Debug|Any CPU
		Debug|x64 = Debug|x64
		Debug|x86 = Debug|x86
		Release|Any CPU = Release|Any CPU
		Release|x64 = Release|x64
		Release|x86 = Release|x86
	EndGlobalSection
	GlobalSection(SolutionProperties) = preSolution
		HideSolutionNode = FALSE
	EndGlobalSection
	GlobalSection(ProjectConfigurationPlatforms) = postSolution
		{345A9EE8-9D43-46D9-96AA-EAED4027483D}.Debug|Any CPU.ActiveCfg = Debug|Any CPU
		{345A9EE8-9D43-46D9-96AA-EAED4027483D}.Debug|Any CPU.Build.0 = Debug|Any CPU
		{345A9EE8-9D43-46D9-96AA-EAED4027483D}.Debug|x64.ActiveCfg = Debug|Any CPU
		{345A9EE8-9D43-46D9-96AA-EAED4027483D}.Debug|x64.Build.0 = Debug|Any CPU
		{345A9EE8-9D43-46D9-96AA-EAED4027483D}.Debug|x86.ActiveCfg = Debug|Any CPU
		{345A9EE8-9D43-46D9-96AA-EAED4027483D}.Debug|x86.Build.0 = Debug|Any CPU
		{345A9EE8-9D43-46D9-96AA-EAED4027483D}.Release|Any CPU.ActiveCfg = Release|Any CPU
		{345A9EE8-9D43-46D9-96AA-EAED4027483D}.Release|Any CPU.Build.0 = Release|Any CPU
		{345A9EE8-9D43-46D9-96AA-EAED4027483D}.Release|x64.ActiveCfg = Release|Any CPU
		{345A9EE8-9D43-46D9-96AA-EAED4027483D}.Release|x64.Build.0 = Release|Any CPU
		{345A9EE8-9D43-46D9-96AA-EAED4027483D}.Release|x86.ActiveCfg = Release|Any CPU
		{345A9EE8-9D43-46D9-96AA-EAED4027483D}.Release|x86.Build.0 = Release|Any CPU
		{28D51BA4-C513-490E-9675-14DB3208D359}.Debug|Any CPU.ActiveCfg = Debug|Any CPU
		{28D51BA4-C513-490E-9675-14DB3208D359}.Debug|Any CPU.Build.0 = Debug|Any CPU
		{28D51BA4-C513-490E-9675-14DB3208D359}.Debug|x64.ActiveCfg = Debug|Any CPU
		{28D51BA4-C513-490E-9675-14DB3208D359}.Debug|x64.Build.0 = Debug|Any CPU
		{28D51BA4-C513-490E-9675-14DB3208D359}.Debug|x86.ActiveCfg = Debug|Any CPU
		{28D51BA4-C513-490E-9675-14DB3208D359}.Debug|x86.Build.0 = Debug|Any CPU
		{28D51BA4-C513-490E-9675-14DB3208D359}.Release|Any CPU.ActiveCfg = Release|Any CPU
		{28D51BA4-C513-490E-9675-14DB3208D359}.Release|Any CPU.Build.0 = Release|Any CPU
		{28D51BA4-C513-490E-9675-14DB3208D359}.Release|x64.ActiveCfg = Release|Any CPU
		{28D51BA4-C513-490E-9675-14DB3208D359}.Release|x64.Build.0 = Release|Any CPU
		{28D51BA4-C513-490E-9675-14DB3208D359}.Release|x86.ActiveCfg = Release|Any CPU
		{28D51BA4-C513-490E-9675-14DB3208D359}.Release|x86.Build.0 = Release|Any CPU
		{2940FCDA-EE7B-462D-8835-C6CE0BE586E0}.Debug|Any CPU.ActiveCfg = Debug|Any CPU
		{2940FCDA-EE7B-462D-8835-C6CE0BE586E0}.Debug|Any CPU.Build.0 = Debug|Any CPU
		{2940FCDA-EE7B-462D-8835-C6CE0BE586E0}.Debug|x64.ActiveCfg = Debug|Any CPU
		{2940FCDA-EE7B-462D-8835-C6CE0BE586E0}.Debug|x64.Build.0 = Debug|Any CPU
		{2940FCDA-EE7B-462D-8835-C6CE0BE586E0}.Debug|x86.ActiveCfg = Debug|Any CPU
		{2940FCDA-EE7B-462D-8835-C6CE0BE586E0}.Debug|x86.Build.0 = Debug|Any CPU
		{2940FCDA-EE7B-462D-8835-C6CE0BE586E0}.Release|Any CPU.ActiveCfg = Release|Any CPU
		{2940FCDA-EE7B-462D-8835-C6CE0BE586E0}.Release|Any CPU.Build.0 = Release|Any CPU
		{2940FCDA-EE7B-462D-8835-C6CE0BE586E0}.Release|x64.ActiveCfg = Release|Any CPU
		{2940FCDA-EE7B-462D-8835-C6CE0BE586E0}.Release|x64.Build.0 = Release|Any CPU
		{2940FCDA-EE7B-462D-8835-C6CE0BE586E0}.Release|x86.ActiveCfg = Release|Any CPU
		{2940FCDA-EE7B-462D-8835-C6CE0BE586E0}.Release|x86.Build.0 = Release|Any CPU
		{5048408B-5AC6-45AE-8068-F6C2FD4BB27A}.Debug|Any CPU.ActiveCfg = Debug|Any CPU
		{5048408B-5AC6-45AE-8068-F6C2FD4BB27A}.Debug|Any CPU.Build.0 = Debug|Any CPU
		{5048408B-5AC6-45AE-8068-F6C2FD4BB27A}.Debug|x64.ActiveCfg = Debug|Any CPU
		{5048408B-5AC6-45AE-8068-F6C2FD4BB27A}.Debug|x64.Build.0 = Debug|Any CPU
		{5048408B-5AC6-45AE-8068-F6C2FD4BB27A}.Debug|x86.ActiveCfg = Debug|Any CPU
		{5048408B-5AC6-45AE-8068-F6C2FD4BB27A}.Debug|x86.Build.0 = Debug|Any CPU
		{5048408B-5AC6-45AE-8068-F6C2FD4BB27A}.Release|Any CPU.ActiveCfg = Release|Any CPU
		{5048408B-5AC6-45AE-8068-F6C2FD4BB27A}.Release|Any CPU.Build.0 = Release|Any CPU
		{5048408B-5AC6-45AE-8068-F6C2FD4BB27A}.Release|x64.ActiveCfg = Release|Any CPU
		{5048408B-5AC6-45AE-8068-F6C2FD4BB27A}.Release|x64.Build.0 = Release|Any CPU
		{5048408B-5AC6-45AE-8068-F6C2FD4BB27A}.Release|x86.ActiveCfg = Release|Any CPU
		{5048408B-5AC6-45AE-8068-F6C2FD4BB27A}.Release|x86.Build.0 = Release|Any CPU
	EndGlobalSection
EndGlobal
